// !$*UTF8*$!
{
	archiveVersion = 1;
	classes = {
	};
	objectVersion = 51;
	objects = {

/* Begin PBXBuildFile section */
		3FA7CE02258B38E7001C7106 /* Pods_sports_media_app.framework in Frameworks */ = {isa = PBXBuildFile; fileRef = C3F5D0C71CD7D79CAA48F50F /* Pods_sports_media_app.framework */; };
		3FA7CE03258B38E7001C7106 /* Pods_sports_media_app.framework in Embed Frameworks */ = {isa = PBXBuildFile; fileRef = C3F5D0C71CD7D79CAA48F50F /* Pods_sports_media_app.framework */; settings = {ATTRIBUTES = (CodeSignOnCopy, RemoveHeadersOnCopy, ); }; };
		3FDCEBAB258B3D1B00135978 /* AppDelegate.swift in Sources */ = {isa = PBXBuildFile; fileRef = 3FDCEBAA258B3D1B00135978 /* AppDelegate.swift */; };
		3FDCEBAF258B3D2200135978 /* SceneDelegate.swift in Sources */ = {isa = PBXBuildFile; fileRef = 3FDCEBAE258B3D2100135978 /* SceneDelegate.swift */; };
		3FDCEBD3258B5C7700135978 /* LogInVC.swift in Sources */ = {isa = PBXBuildFile; fileRef = 9A9E69E8257465D500D2C781 /* LogInVC.swift */; };
		3FDCEBD9258B5FB500135978 /* User.swift in Sources */ = {isa = PBXBuildFile; fileRef = 3FDCEBD8258B5FB500135978 /* User.swift */; };
		522A67EBF0B63BA28349D012 /* Pods_sports_media_app_sports_media_appUITests.framework in Frameworks */ = {isa = PBXBuildFile; fileRef = 811AC355A77E395F1DB9B026 /* Pods_sports_media_app_sports_media_appUITests.framework */; };
		9A2E8F8E2588814600E3596E /* CreateAccountVC.swift in Sources */ = {isa = PBXBuildFile; fileRef = 9A2E8F8D2588814600E3596E /* CreateAccountVC.swift */; };
		9A2E8F932588A55800E3596E /* AccountDetailViewController.swift in Sources */ = {isa = PBXBuildFile; fileRef = 9A2E8F922588A55800E3596E /* AccountDetailViewController.swift */; };
		9A2E8F982588B80400E3596E /* CreatePostVC.swift in Sources */ = {isa = PBXBuildFile; fileRef = 9A2E8F972588B80400E3596E /* CreatePostVC.swift */; };
		9A2E8F9D2588BFC500E3596E /* AllPostsTableVC.swift in Sources */ = {isa = PBXBuildFile; fileRef = 9A2E8F9C2588BFC500E3596E /* AllPostsTableVC.swift */; };
		9A2E8FA22588C6C300E3596E /* AllPostsCellTableViewCell.swift in Sources */ = {isa = PBXBuildFile; fileRef = 9A2E8FA12588C6C300E3596E /* AllPostsCellTableViewCell.swift */; };
		9A2E8FA72588DDE500E3596E /* myPostsTableViewCell.swift in Sources */ = {isa = PBXBuildFile; fileRef = 9A2E8FA62588DDE500E3596E /* myPostsTableViewCell.swift */; };
		9A698E492588615500271352 /* GoogleService-Info.plist in Resources */ = {isa = PBXBuildFile; fileRef = 9A698E482588615500271352 /* GoogleService-Info.plist */; };
		9A9E69EC257465D500D2C781 /* Main.storyboard in Resources */ = {isa = PBXBuildFile; fileRef = 9A9E69EA257465D500D2C781 /* Main.storyboard */; };
		9A9E69EE257465D600D2C781 /* Assets.xcassets in Resources */ = {isa = PBXBuildFile; fileRef = 9A9E69ED257465D600D2C781 /* Assets.xcassets */; };
		9A9E69F1257465D600D2C781 /* LaunchScreen.storyboard in Resources */ = {isa = PBXBuildFile; fileRef = 9A9E69EF257465D600D2C781 /* LaunchScreen.storyboard */; };
		9A9E69FC257465D600D2C781 /* sports_media_appTests.swift in Sources */ = {isa = PBXBuildFile; fileRef = 9A9E69FB257465D600D2C781 /* sports_media_appTests.swift */; };
		9A9E6A07257465D600D2C781 /* sports_media_appUITests.swift in Sources */ = {isa = PBXBuildFile; fileRef = 9A9E6A06257465D600D2C781 /* sports_media_appUITests.swift */; };
		DCA620FA6B30BF97F0AA7908 /* Pods_sports_media_appTests.framework in Frameworks */ = {isa = PBXBuildFile; fileRef = E54E8F4FB24ECE317A622C71 /* Pods_sports_media_appTests.framework */; };
/* End PBXBuildFile section */

/* Begin PBXContainerItemProxy section */
		9A9E69F8257465D600D2C781 /* PBXContainerItemProxy */ = {
			isa = PBXContainerItemProxy;
			containerPortal = 9A9E69D9257465D500D2C781 /* Project object */;
			proxyType = 1;
			remoteGlobalIDString = 9A9E69E0257465D500D2C781;
			remoteInfo = "sports media app";
		};
		9A9E6A03257465D600D2C781 /* PBXContainerItemProxy */ = {
			isa = PBXContainerItemProxy;
			containerPortal = 9A9E69D9257465D500D2C781 /* Project object */;
			proxyType = 1;
			remoteGlobalIDString = 9A9E69E0257465D500D2C781;
			remoteInfo = "sports media app";
		};
/* End PBXContainerItemProxy section */

/* Begin PBXCopyFilesBuildPhase section */
		3FA7CE04258B38E7001C7106 /* Embed Frameworks */ = {
			isa = PBXCopyFilesBuildPhase;
			buildActionMask = 2147483647;
			dstPath = "";
			dstSubfolderSpec = 10;
			files = (
				3FA7CE03258B38E7001C7106 /* Pods_sports_media_app.framework in Embed Frameworks */,
			);
			name = "Embed Frameworks";
			runOnlyForDeploymentPostprocessing = 0;
		};
/* End PBXCopyFilesBuildPhase section */

/* Begin PBXFileReference section */
		3FDCEBAA258B3D1B00135978 /* AppDelegate.swift */ = {isa = PBXFileReference; lastKnownFileType = sourcecode.swift; path = AppDelegate.swift; sourceTree = "<group>"; };
		3FDCEBAE258B3D2100135978 /* SceneDelegate.swift */ = {isa = PBXFileReference; lastKnownFileType = sourcecode.swift; path = SceneDelegate.swift; sourceTree = "<group>"; };
		3FDCEBD8258B5FB500135978 /* User.swift */ = {isa = PBXFileReference; lastKnownFileType = sourcecode.swift; path = User.swift; sourceTree = "<group>"; };
		717B9D60BA8CC9FCB0815C63 /* Pods-sports media appTests.debug.xcconfig */ = {isa = PBXFileReference; includeInIndex = 1; lastKnownFileType = text.xcconfig; name = "Pods-sports media appTests.debug.xcconfig"; path = "Target Support Files/Pods-sports media appTests/Pods-sports media appTests.debug.xcconfig"; sourceTree = "<group>"; };
		811AC355A77E395F1DB9B026 /* Pods_sports_media_app_sports_media_appUITests.framework */ = {isa = PBXFileReference; explicitFileType = wrapper.framework; includeInIndex = 0; path = Pods_sports_media_app_sports_media_appUITests.framework; sourceTree = BUILT_PRODUCTS_DIR; };
		8EF99714F321BE7AC3C40021 /* Pods-sports media app.release.xcconfig */ = {isa = PBXFileReference; includeInIndex = 1; lastKnownFileType = text.xcconfig; name = "Pods-sports media app.release.xcconfig"; path = "Target Support Files/Pods-sports media app/Pods-sports media app.release.xcconfig"; sourceTree = "<group>"; };
		9A2E8F8D2588814600E3596E /* CreateAccountVC.swift */ = {isa = PBXFileReference; lastKnownFileType = sourcecode.swift; path = CreateAccountVC.swift; sourceTree = "<group>"; };
		9A2E8F922588A55800E3596E /* AccountDetailViewController.swift */ = {isa = PBXFileReference; lastKnownFileType = sourcecode.swift; path = AccountDetailViewController.swift; sourceTree = "<group>"; };
		9A2E8F972588B80400E3596E /* CreatePostVC.swift */ = {isa = PBXFileReference; lastKnownFileType = sourcecode.swift; path = CreatePostVC.swift; sourceTree = "<group>"; };
		9A2E8F9C2588BFC500E3596E /* AllPostsTableVC.swift */ = {isa = PBXFileReference; lastKnownFileType = sourcecode.swift; path = AllPostsTableVC.swift; sourceTree = "<group>"; };
		9A2E8FA12588C6C300E3596E /* AllPostsCellTableViewCell.swift */ = {isa = PBXFileReference; lastKnownFileType = sourcecode.swift; path = AllPostsCellTableViewCell.swift; sourceTree = "<group>"; };
		9A2E8FA62588DDE500E3596E /* myPostsTableViewCell.swift */ = {isa = PBXFileReference; lastKnownFileType = sourcecode.swift; path = myPostsTableViewCell.swift; sourceTree = "<group>"; };
		9A698E482588615500271352 /* GoogleService-Info.plist */ = {isa = PBXFileReference; fileEncoding = 4; lastKnownFileType = text.plist.xml; path = "GoogleService-Info.plist"; sourceTree = "<group>"; };
		9A9E69E1257465D500D2C781 /* sports media app.app */ = {isa = PBXFileReference; explicitFileType = wrapper.application; includeInIndex = 0; path = "sports media app.app"; sourceTree = BUILT_PRODUCTS_DIR; };
		9A9E69E8257465D500D2C781 /* LogInVC.swift */ = {isa = PBXFileReference; lastKnownFileType = sourcecode.swift; lineEnding = 0; path = LogInVC.swift; sourceTree = "<group>"; usesTabs = 0; };
		9A9E69EB257465D500D2C781 /* Base */ = {isa = PBXFileReference; lastKnownFileType = file.storyboard; name = Base; path = Base.lproj/Main.storyboard; sourceTree = "<group>"; };
		9A9E69ED257465D600D2C781 /* Assets.xcassets */ = {isa = PBXFileReference; lastKnownFileType = folder.assetcatalog; path = Assets.xcassets; sourceTree = "<group>"; };
		9A9E69F0257465D600D2C781 /* Base */ = {isa = PBXFileReference; lastKnownFileType = file.storyboard; name = Base; path = Base.lproj/LaunchScreen.storyboard; sourceTree = "<group>"; };
		9A9E69F2257465D600D2C781 /* Info.plist */ = {isa = PBXFileReference; lastKnownFileType = text.plist.xml; path = Info.plist; sourceTree = "<group>"; };
		9A9E69F7257465D600D2C781 /* sports media appTests.xctest */ = {isa = PBXFileReference; explicitFileType = wrapper.cfbundle; includeInIndex = 0; path = "sports media appTests.xctest"; sourceTree = BUILT_PRODUCTS_DIR; };
		9A9E69FB257465D600D2C781 /* sports_media_appTests.swift */ = {isa = PBXFileReference; lastKnownFileType = sourcecode.swift; path = sports_media_appTests.swift; sourceTree = "<group>"; };
		9A9E69FD257465D600D2C781 /* Info.plist */ = {isa = PBXFileReference; lastKnownFileType = text.plist.xml; path = Info.plist; sourceTree = "<group>"; };
		9A9E6A02257465D600D2C781 /* sports media appUITests.xctest */ = {isa = PBXFileReference; explicitFileType = wrapper.cfbundle; includeInIndex = 0; path = "sports media appUITests.xctest"; sourceTree = BUILT_PRODUCTS_DIR; };
		9A9E6A06257465D600D2C781 /* sports_media_appUITests.swift */ = {isa = PBXFileReference; lastKnownFileType = sourcecode.swift; path = sports_media_appUITests.swift; sourceTree = "<group>"; };
		9A9E6A08257465D600D2C781 /* Info.plist */ = {isa = PBXFileReference; lastKnownFileType = text.plist.xml; path = Info.plist; sourceTree = "<group>"; };
		BBF8D152F9E9FCC64A23C29F /* Pods-sports media app-sports media appUITests.release.xcconfig */ = {isa = PBXFileReference; includeInIndex = 1; lastKnownFileType = text.xcconfig; name = "Pods-sports media app-sports media appUITests.release.xcconfig"; path = "Target Support Files/Pods-sports media app-sports media appUITests/Pods-sports media app-sports media appUITests.release.xcconfig"; sourceTree = "<group>"; };
		C3F5D0C71CD7D79CAA48F50F /* Pods_sports_media_app.framework */ = {isa = PBXFileReference; explicitFileType = wrapper.framework; includeInIndex = 0; path = Pods_sports_media_app.framework; sourceTree = BUILT_PRODUCTS_DIR; };
		D18E5C2BBB248C2CDC8DFFD8 /* Pods-sports media appTests.release.xcconfig */ = {isa = PBXFileReference; includeInIndex = 1; lastKnownFileType = text.xcconfig; name = "Pods-sports media appTests.release.xcconfig"; path = "Target Support Files/Pods-sports media appTests/Pods-sports media appTests.release.xcconfig"; sourceTree = "<group>"; };
		DB20810D34EF0D4A41D30402 /* Pods-sports media app-sports media appUITests.debug.xcconfig */ = {isa = PBXFileReference; includeInIndex = 1; lastKnownFileType = text.xcconfig; name = "Pods-sports media app-sports media appUITests.debug.xcconfig"; path = "Target Support Files/Pods-sports media app-sports media appUITests/Pods-sports media app-sports media appUITests.debug.xcconfig"; sourceTree = "<group>"; };
		E54E8F4FB24ECE317A622C71 /* Pods_sports_media_appTests.framework */ = {isa = PBXFileReference; explicitFileType = wrapper.framework; includeInIndex = 0; path = Pods_sports_media_appTests.framework; sourceTree = BUILT_PRODUCTS_DIR; };
		F52ABF65CB5A05383C587F8C /* Pods-sports media app.debug.xcconfig */ = {isa = PBXFileReference; includeInIndex = 1; lastKnownFileType = text.xcconfig; name = "Pods-sports media app.debug.xcconfig"; path = "Target Support Files/Pods-sports media app/Pods-sports media app.debug.xcconfig"; sourceTree = "<group>"; };
/* End PBXFileReference section */

/* Begin PBXFrameworksBuildPhase section */
		9A9E69DE257465D500D2C781 /* Frameworks */ = {
			isa = PBXFrameworksBuildPhase;
			buildActionMask = 2147483647;
			files = (
				3FA7CE02258B38E7001C7106 /* Pods_sports_media_app.framework in Frameworks */,
			);
			runOnlyForDeploymentPostprocessing = 0;
		};
		9A9E69F4257465D600D2C781 /* Frameworks */ = {
			isa = PBXFrameworksBuildPhase;
			buildActionMask = 2147483647;
			files = (
				DCA620FA6B30BF97F0AA7908 /* Pods_sports_media_appTests.framework in Frameworks */,
			);
			runOnlyForDeploymentPostprocessing = 0;
		};
		9A9E69FF257465D600D2C781 /* Frameworks */ = {
			isa = PBXFrameworksBuildPhase;
			buildActionMask = 2147483647;
			files = (
				522A67EBF0B63BA28349D012 /* Pods_sports_media_app_sports_media_appUITests.framework in Frameworks */,
			);
			runOnlyForDeploymentPostprocessing = 0;
		};
/* End PBXFrameworksBuildPhase section */

/* Begin PBXGroup section */
		0AA787BFFE00249BE7D761B7 /* Frameworks */ = {
			isa = PBXGroup;
			children = (
				C3F5D0C71CD7D79CAA48F50F /* Pods_sports_media_app.framework */,
				811AC355A77E395F1DB9B026 /* Pods_sports_media_app_sports_media_appUITests.framework */,
				E54E8F4FB24ECE317A622C71 /* Pods_sports_media_appTests.framework */,
			);
			name = Frameworks;
			sourceTree = "<group>";
		};
		9A9E69D8257465D500D2C781 = {
			isa = PBXGroup;
			children = (
				9A9E69E3257465D500D2C781 /* sports media app */,
				9A9E69FA257465D600D2C781 /* sports media appTests */,
				9A9E6A05257465D600D2C781 /* sports media appUITests */,
				9A698E482588615500271352 /* GoogleService-Info.plist */,
				9A9E69E2257465D500D2C781 /* Products */,
				BC3F37B5302FE4FDB7D891C9 /* Pods */,
				0AA787BFFE00249BE7D761B7 /* Frameworks */,
			);
			sourceTree = "<group>";
		};
		9A9E69E2257465D500D2C781 /* Products */ = {
			isa = PBXGroup;
			children = (
				9A9E69E1257465D500D2C781 /* sports media app.app */,
				9A9E69F7257465D600D2C781 /* sports media appTests.xctest */,
				9A9E6A02257465D600D2C781 /* sports media appUITests.xctest */,
			);
			name = Products;
			sourceTree = "<group>";
		};
		9A9E69E3257465D500D2C781 /* sports media app */ = {
			isa = PBXGroup;
			children = (
				3FDCEBAA258B3D1B00135978 /* AppDelegate.swift */,
				3FDCEBAE258B3D2100135978 /* SceneDelegate.swift */,
				9A9E69ED257465D600D2C781 /* Assets.xcassets */,
				9A9E69EF257465D600D2C781 /* LaunchScreen.storyboard */,
				9A9E69F2257465D600D2C781 /* Info.plist */,
				9A9E69EA257465D500D2C781 /* Main.storyboard */,
				9A9E69E8257465D500D2C781 /* LogInVC.swift */,
				9A2E8F8D2588814600E3596E /* CreateAccountVC.swift */,
				9A2E8F922588A55800E3596E /* AccountDetailViewController.swift */,
				9A2E8F972588B80400E3596E /* CreatePostVC.swift */,
				9A2E8F9C2588BFC500E3596E /* AllPostsTableVC.swift */,
				9A2E8FA12588C6C300E3596E /* AllPostsCellTableViewCell.swift */,
				9A2E8FA62588DDE500E3596E /* myPostsTableViewCell.swift */,
				3FDCEBD8258B5FB500135978 /* User.swift */,
			);
			path = "sports media app";
			sourceTree = "<group>";
		};
		9A9E69FA257465D600D2C781 /* sports media appTests */ = {
			isa = PBXGroup;
			children = (
				9A9E69FB257465D600D2C781 /* sports_media_appTests.swift */,
				9A9E69FD257465D600D2C781 /* Info.plist */,
			);
			path = "sports media appTests";
			sourceTree = "<group>";
		};
		9A9E6A05257465D600D2C781 /* sports media appUITests */ = {
			isa = PBXGroup;
			children = (
				9A9E6A06257465D600D2C781 /* sports_media_appUITests.swift */,
				9A9E6A08257465D600D2C781 /* Info.plist */,
			);
			path = "sports media appUITests";
			sourceTree = "<group>";
		};
		BC3F37B5302FE4FDB7D891C9 /* Pods */ = {
			isa = PBXGroup;
			children = (
				F52ABF65CB5A05383C587F8C /* Pods-sports media app.debug.xcconfig */,
				8EF99714F321BE7AC3C40021 /* Pods-sports media app.release.xcconfig */,
				DB20810D34EF0D4A41D30402 /* Pods-sports media app-sports media appUITests.debug.xcconfig */,
				BBF8D152F9E9FCC64A23C29F /* Pods-sports media app-sports media appUITests.release.xcconfig */,
				717B9D60BA8CC9FCB0815C63 /* Pods-sports media appTests.debug.xcconfig */,
				D18E5C2BBB248C2CDC8DFFD8 /* Pods-sports media appTests.release.xcconfig */,
			);
			path = Pods;
			sourceTree = "<group>";
		};
/* End PBXGroup section */

/* Begin PBXNativeTarget section */
		9A9E69E0257465D500D2C781 /* sports media app */ = {
			isa = PBXNativeTarget;
			buildConfigurationList = 9A9E6A0B257465D600D2C781 /* Build configuration list for PBXNativeTarget "sports media app" */;
			buildPhases = (
				7C0D58DDD45E8E788135EAA6 /* [CP] Check Pods Manifest.lock */,
				9A9E69DD257465D500D2C781 /* Sources */,
				9A9E69DE257465D500D2C781 /* Frameworks */,
				9A9E69DF257465D500D2C781 /* Resources */,
				6459B008E5CB4278EA86E427 /* [CP] Embed Pods Frameworks */,
				3FA7CE04258B38E7001C7106 /* Embed Frameworks */,
			);
			buildRules = (
			);
			dependencies = (
			);
			name = "sports media app";
			productName = "sports media app";
			productReference = 9A9E69E1257465D500D2C781 /* sports media app.app */;
			productType = "com.apple.product-type.application";
		};
		9A9E69F6257465D600D2C781 /* sports media appTests */ = {
			isa = PBXNativeTarget;
			buildConfigurationList = 9A9E6A0E257465D600D2C781 /* Build configuration list for PBXNativeTarget "sports media appTests" */;
			buildPhases = (
				DE5794786A2BC9AD31FE4906 /* [CP] Check Pods Manifest.lock */,
				9A9E69F3257465D600D2C781 /* Sources */,
				9A9E69F4257465D600D2C781 /* Frameworks */,
				9A9E69F5257465D600D2C781 /* Resources */,
			);
			buildRules = (
			);
			dependencies = (
				9A9E69F9257465D600D2C781 /* PBXTargetDependency */,
			);
			name = "sports media appTests";
			productName = "sports media appTests";
			productReference = 9A9E69F7257465D600D2C781 /* sports media appTests.xctest */;
			productType = "com.apple.product-type.bundle.unit-test";
		};
		9A9E6A01257465D600D2C781 /* sports media appUITests */ = {
			isa = PBXNativeTarget;
			buildConfigurationList = 9A9E6A11257465D600D2C781 /* Build configuration list for PBXNativeTarget "sports media appUITests" */;
			buildPhases = (
				6E71F63D86F0BE1978DA9986 /* [CP] Check Pods Manifest.lock */,
				9A9E69FE257465D600D2C781 /* Sources */,
				9A9E69FF257465D600D2C781 /* Frameworks */,
				9A9E6A00257465D600D2C781 /* Resources */,
				7D72FAE5320F930B5FF7D048 /* [CP] Embed Pods Frameworks */,
			);
			buildRules = (
			);
			dependencies = (
				9A9E6A04257465D600D2C781 /* PBXTargetDependency */,
			);
			name = "sports media appUITests";
			productName = "sports media appUITests";
			productReference = 9A9E6A02257465D600D2C781 /* sports media appUITests.xctest */;
			productType = "com.apple.product-type.bundle.ui-testing";
		};
/* End PBXNativeTarget section */

/* Begin PBXProject section */
		9A9E69D9257465D500D2C781 /* Project object */ = {
			isa = PBXProject;
			attributes = {
				LastSwiftUpdateCheck = 1210;
				LastUpgradeCheck = 1210;
				TargetAttributes = {
					9A9E69E0257465D500D2C781 = {
						CreatedOnToolsVersion = 12.1;
					};
					9A9E69F6257465D600D2C781 = {
						CreatedOnToolsVersion = 12.1;
						TestTargetID = 9A9E69E0257465D500D2C781;
					};
					9A9E6A01257465D600D2C781 = {
						CreatedOnToolsVersion = 12.1;
						TestTargetID = 9A9E69E0257465D500D2C781;
					};
				};
			};
			buildConfigurationList = 9A9E69DC257465D500D2C781 /* Build configuration list for PBXProject "sports media app" */;
			compatibilityVersion = "Xcode 9.3";
			developmentRegion = en;
			hasScannedForEncodings = 0;
			knownRegions = (
				en,
				Base,
			);
			mainGroup = 9A9E69D8257465D500D2C781;
			productRefGroup = 9A9E69E2257465D500D2C781 /* Products */;
			projectDirPath = "";
			projectRoot = "";
			targets = (
				9A9E69E0257465D500D2C781 /* sports media app */,
				9A9E69F6257465D600D2C781 /* sports media appTests */,
				9A9E6A01257465D600D2C781 /* sports media appUITests */,
			);
		};
/* End PBXProject section */

/* Begin PBXResourcesBuildPhase section */
		9A9E69DF257465D500D2C781 /* Resources */ = {
			isa = PBXResourcesBuildPhase;
			buildActionMask = 2147483647;
			files = (
				9A9E69F1257465D600D2C781 /* LaunchScreen.storyboard in Resources */,
				9A698E492588615500271352 /* GoogleService-Info.plist in Resources */,
				9A9E69EE257465D600D2C781 /* Assets.xcassets in Resources */,
				9A9E69EC257465D500D2C781 /* Main.storyboard in Resources */,
			);
			runOnlyForDeploymentPostprocessing = 0;
		};
		9A9E69F5257465D600D2C781 /* Resources */ = {
			isa = PBXResourcesBuildPhase;
			buildActionMask = 2147483647;
			files = (
			);
			runOnlyForDeploymentPostprocessing = 0;
		};
		9A9E6A00257465D600D2C781 /* Resources */ = {
			isa = PBXResourcesBuildPhase;
			buildActionMask = 2147483647;
			files = (
			);
			runOnlyForDeploymentPostprocessing = 0;
		};
/* End PBXResourcesBuildPhase section */

/* Begin PBXShellScriptBuildPhase section */
		6459B008E5CB4278EA86E427 /* [CP] Embed Pods Frameworks */ = {
			isa = PBXShellScriptBuildPhase;
			buildActionMask = 2147483647;
			files = (
			);
			inputFileListPaths = (
				"${PODS_ROOT}/Target Support Files/Pods-sports media app/Pods-sports media app-frameworks-${CONFIGURATION}-input-files.xcfilelist",
			);
			name = "[CP] Embed Pods Frameworks";
			outputFileListPaths = (
				"${PODS_ROOT}/Target Support Files/Pods-sports media app/Pods-sports media app-frameworks-${CONFIGURATION}-output-files.xcfilelist",
			);
			runOnlyForDeploymentPostprocessing = 0;
			shellPath = /bin/sh;
			shellScript = "\"${PODS_ROOT}/Target Support Files/Pods-sports media app/Pods-sports media app-frameworks.sh\"\n";
			showEnvVarsInLog = 0;
		};
		6E71F63D86F0BE1978DA9986 /* [CP] Check Pods Manifest.lock */ = {
			isa = PBXShellScriptBuildPhase;
			buildActionMask = 2147483647;
			files = (
			);
			inputFileListPaths = (
			);
			inputPaths = (
				"${PODS_PODFILE_DIR_PATH}/Podfile.lock",
				"${PODS_ROOT}/Manifest.lock",
			);
			name = "[CP] Check Pods Manifest.lock";
			outputFileListPaths = (
			);
			outputPaths = (
				"$(DERIVED_FILE_DIR)/Pods-sports media app-sports media appUITests-checkManifestLockResult.txt",
			);
			runOnlyForDeploymentPostprocessing = 0;
			shellPath = /bin/sh;
			shellScript = "diff \"${PODS_PODFILE_DIR_PATH}/Podfile.lock\" \"${PODS_ROOT}/Manifest.lock\" > /dev/null\nif [ $? != 0 ] ; then\n    # print error to STDERR\n    echo \"error: The sandbox is not in sync with the Podfile.lock. Run 'pod install' or update your CocoaPods installation.\" >&2\n    exit 1\nfi\n# This output is used by Xcode 'outputs' to avoid re-running this script phase.\necho \"SUCCESS\" > \"${SCRIPT_OUTPUT_FILE_0}\"\n";
			showEnvVarsInLog = 0;
		};
		7C0D58DDD45E8E788135EAA6 /* [CP] Check Pods Manifest.lock */ = {
			isa = PBXShellScriptBuildPhase;
			buildActionMask = 2147483647;
			files = (
			);
			inputFileListPaths = (
			);
			inputPaths = (
				"${PODS_PODFILE_DIR_PATH}/Podfile.lock",
				"${PODS_ROOT}/Manifest.lock",
			);
			name = "[CP] Check Pods Manifest.lock";
			outputFileListPaths = (
			);
			outputPaths = (
				"$(DERIVED_FILE_DIR)/Pods-sports media app-checkManifestLockResult.txt",
			);
			runOnlyForDeploymentPostprocessing = 0;
			shellPath = /bin/sh;
			shellScript = "diff \"${PODS_PODFILE_DIR_PATH}/Podfile.lock\" \"${PODS_ROOT}/Manifest.lock\" > /dev/null\nif [ $? != 0 ] ; then\n    # print error to STDERR\n    echo \"error: The sandbox is not in sync with the Podfile.lock. Run 'pod install' or update your CocoaPods installation.\" >&2\n    exit 1\nfi\n# This output is used by Xcode 'outputs' to avoid re-running this script phase.\necho \"SUCCESS\" > \"${SCRIPT_OUTPUT_FILE_0}\"\n";
			showEnvVarsInLog = 0;
		};
		7D72FAE5320F930B5FF7D048 /* [CP] Embed Pods Frameworks */ = {
			isa = PBXShellScriptBuildPhase;
			buildActionMask = 2147483647;
			files = (
			);
			inputFileListPaths = (
				"${PODS_ROOT}/Target Support Files/Pods-sports media app-sports media appUITests/Pods-sports media app-sports media appUITests-frameworks-${CONFIGURATION}-input-files.xcfilelist",
			);
			name = "[CP] Embed Pods Frameworks";
			outputFileListPaths = (
				"${PODS_ROOT}/Target Support Files/Pods-sports media app-sports media appUITests/Pods-sports media app-sports media appUITests-frameworks-${CONFIGURATION}-output-files.xcfilelist",
			);
			runOnlyForDeploymentPostprocessing = 0;
			shellPath = /bin/sh;
			shellScript = "\"${PODS_ROOT}/Target Support Files/Pods-sports media app-sports media appUITests/Pods-sports media app-sports media appUITests-frameworks.sh\"\n";
			showEnvVarsInLog = 0;
		};
		DE5794786A2BC9AD31FE4906 /* [CP] Check Pods Manifest.lock */ = {
			isa = PBXShellScriptBuildPhase;
			buildActionMask = 2147483647;
			files = (
			);
			inputFileListPaths = (
			);
			inputPaths = (
				"${PODS_PODFILE_DIR_PATH}/Podfile.lock",
				"${PODS_ROOT}/Manifest.lock",
			);
			name = "[CP] Check Pods Manifest.lock";
			outputFileListPaths = (
			);
			outputPaths = (
				"$(DERIVED_FILE_DIR)/Pods-sports media appTests-checkManifestLockResult.txt",
			);
			runOnlyForDeploymentPostprocessing = 0;
			shellPath = /bin/sh;
			shellScript = "diff \"${PODS_PODFILE_DIR_PATH}/Podfile.lock\" \"${PODS_ROOT}/Manifest.lock\" > /dev/null\nif [ $? != 0 ] ; then\n    # print error to STDERR\n    echo \"error: The sandbox is not in sync with the Podfile.lock. Run 'pod install' or update your CocoaPods installation.\" >&2\n    exit 1\nfi\n# This output is used by Xcode 'outputs' to avoid re-running this script phase.\necho \"SUCCESS\" > \"${SCRIPT_OUTPUT_FILE_0}\"\n";
			showEnvVarsInLog = 0;
		};
/* End PBXShellScriptBuildPhase section */

/* Begin PBXSourcesBuildPhase section */
		9A9E69DD257465D500D2C781 /* Sources */ = {
			isa = PBXSourcesBuildPhase;
			buildActionMask = 2147483647;
			files = (
				9A2E8F9D2588BFC500E3596E /* AllPostsTableVC.swift in Sources */,
				9A2E8F932588A55800E3596E /* AccountDetailViewController.swift in Sources */,
				9A2E8FA72588DDE500E3596E /* myPostsTableViewCell.swift in Sources */,
				9A2E8F982588B80400E3596E /* CreatePostVC.swift in Sources */,
				9A2E8F8E2588814600E3596E /* CreateAccountVC.swift in Sources */,
				3FDCEBAF258B3D2200135978 /* SceneDelegate.swift in Sources */,
				3FDCEBAB258B3D1B00135978 /* AppDelegate.swift in Sources */,
				9A2E8FA22588C6C300E3596E /* AllPostsCellTableViewCell.swift in Sources */,
				3FDCEBD9258B5FB500135978 /* User.swift in Sources */,
				3FDCEBD3258B5C7700135978 /* LogInVC.swift in Sources */,
			);
			runOnlyForDeploymentPostprocessing = 0;
		};
		9A9E69F3257465D600D2C781 /* Sources */ = {
			isa = PBXSourcesBuildPhase;
			buildActionMask = 2147483647;
			files = (
				9A9E69FC257465D600D2C781 /* sports_media_appTests.swift in Sources */,
			);
			runOnlyForDeploymentPostprocessing = 0;
		};
		9A9E69FE257465D600D2C781 /* Sources */ = {
			isa = PBXSourcesBuildPhase;
			buildActionMask = 2147483647;
			files = (
				9A9E6A07257465D600D2C781 /* sports_media_appUITests.swift in Sources */,
			);
			runOnlyForDeploymentPostprocessing = 0;
		};
/* End PBXSourcesBuildPhase section */

/* Begin PBXTargetDependency section */
		9A9E69F9257465D600D2C781 /* PBXTargetDependency */ = {
			isa = PBXTargetDependency;
			target = 9A9E69E0257465D500D2C781 /* sports media app */;
			targetProxy = 9A9E69F8257465D600D2C781 /* PBXContainerItemProxy */;
		};
		9A9E6A04257465D600D2C781 /* PBXTargetDependency */ = {
			isa = PBXTargetDependency;
			target = 9A9E69E0257465D500D2C781 /* sports media app */;
			targetProxy = 9A9E6A03257465D600D2C781 /* PBXContainerItemProxy */;
		};
/* End PBXTargetDependency section */

/* Begin PBXVariantGroup section */
		9A9E69EA257465D500D2C781 /* Main.storyboard */ = {
			isa = PBXVariantGroup;
			children = (
				9A9E69EB257465D500D2C781 /* Base */,
			);
			name = Main.storyboard;
			sourceTree = "<group>";
		};
		9A9E69EF257465D600D2C781 /* LaunchScreen.storyboard */ = {
			isa = PBXVariantGroup;
			children = (
				9A9E69F0257465D600D2C781 /* Base */,
			);
			name = LaunchScreen.storyboard;
			sourceTree = "<group>";
		};
/* End PBXVariantGroup section */

/* Begin XCBuildConfiguration section */
		9A9E6A09257465D600D2C781 /* Debug */ = {
			isa = XCBuildConfiguration;
			buildSettings = {
				ALWAYS_SEARCH_USER_PATHS = YES;
				CLANG_ANALYZER_NONNULL = YES;
				CLANG_ANALYZER_NUMBER_OBJECT_CONVERSION = YES_AGGRESSIVE;
				CLANG_CXX_LANGUAGE_STANDARD = "gnu++14";
				CLANG_CXX_LIBRARY = "libc++";
				CLANG_ENABLE_MODULES = YES;
				CLANG_ENABLE_OBJC_ARC = YES;
				CLANG_ENABLE_OBJC_WEAK = YES;
				CLANG_WARN_BLOCK_CAPTURE_AUTORELEASING = YES;
				CLANG_WARN_BOOL_CONVERSION = YES;
				CLANG_WARN_COMMA = YES;
				CLANG_WARN_CONSTANT_CONVERSION = YES;
				CLANG_WARN_DEPRECATED_OBJC_IMPLEMENTATIONS = YES;
				CLANG_WARN_DIRECT_OBJC_ISA_USAGE = YES_ERROR;
				CLANG_WARN_DOCUMENTATION_COMMENTS = YES;
				CLANG_WARN_EMPTY_BODY = YES;
				CLANG_WARN_ENUM_CONVERSION = YES;
				CLANG_WARN_INFINITE_RECURSION = YES;
				CLANG_WARN_INT_CONVERSION = YES;
				CLANG_WARN_NON_LITERAL_NULL_CONVERSION = YES;
				CLANG_WARN_OBJC_IMPLICIT_RETAIN_SELF = YES;
				CLANG_WARN_OBJC_LITERAL_CONVERSION = YES;
				CLANG_WARN_OBJC_ROOT_CLASS = YES_ERROR;
				CLANG_WARN_QUOTED_INCLUDE_IN_FRAMEWORK_HEADER = YES;
				CLANG_WARN_RANGE_LOOP_ANALYSIS = YES;
				CLANG_WARN_STRICT_PROTOTYPES = YES;
				CLANG_WARN_SUSPICIOUS_MOVE = YES;
				CLANG_WARN_UNGUARDED_AVAILABILITY = YES_AGGRESSIVE;
				CLANG_WARN_UNREACHABLE_CODE = YES;
				CLANG_WARN__DUPLICATE_METHOD_MATCH = YES;
				COPY_PHASE_STRIP = NO;
				DEBUG_INFORMATION_FORMAT = dwarf;
				ENABLE_STRICT_OBJC_MSGSEND = YES;
				ENABLE_TESTABILITY = YES;
				GCC_C_LANGUAGE_STANDARD = gnu11;
				GCC_DYNAMIC_NO_PIC = NO;
				GCC_NO_COMMON_BLOCKS = YES;
				GCC_OPTIMIZATION_LEVEL = 0;
				GCC_PREPROCESSOR_DEFINITIONS = (
					"DEBUG=1",
					"$(inherited)",
				);
				GCC_WARN_64_TO_32_BIT_CONVERSION = YES;
				GCC_WARN_ABOUT_RETURN_TYPE = YES_ERROR;
				GCC_WARN_UNDECLARED_SELECTOR = YES;
				GCC_WARN_UNINITIALIZED_AUTOS = YES_AGGRESSIVE;
				GCC_WARN_UNUSED_FUNCTION = YES;
				GCC_WARN_UNUSED_VARIABLE = YES;
				IPHONEOS_DEPLOYMENT_TARGET = 14.1;
				MTL_ENABLE_DEBUG_INFO = INCLUDE_SOURCE;
				MTL_FAST_MATH = YES;
				ONLY_ACTIVE_ARCH = YES;
				SDKROOT = iphoneos;
				SWIFT_ACTIVE_COMPILATION_CONDITIONS = DEBUG;
				SWIFT_OPTIMIZATION_LEVEL = "-Onone";
			};
			name = Debug;
		};
		9A9E6A0A257465D600D2C781 /* Release */ = {
			isa = XCBuildConfiguration;
			buildSettings = {
				ALWAYS_SEARCH_USER_PATHS = YES;
				CLANG_ANALYZER_NONNULL = YES;
				CLANG_ANALYZER_NUMBER_OBJECT_CONVERSION = YES_AGGRESSIVE;
				CLANG_CXX_LANGUAGE_STANDARD = "gnu++14";
				CLANG_CXX_LIBRARY = "libc++";
				CLANG_ENABLE_MODULES = YES;
				CLANG_ENABLE_OBJC_ARC = YES;
				CLANG_ENABLE_OBJC_WEAK = YES;
				CLANG_WARN_BLOCK_CAPTURE_AUTORELEASING = YES;
				CLANG_WARN_BOOL_CONVERSION = YES;
				CLANG_WARN_COMMA = YES;
				CLANG_WARN_CONSTANT_CONVERSION = YES;
				CLANG_WARN_DEPRECATED_OBJC_IMPLEMENTATIONS = YES;
				CLANG_WARN_DIRECT_OBJC_ISA_USAGE = YES_ERROR;
				CLANG_WARN_DOCUMENTATION_COMMENTS = YES;
				CLANG_WARN_EMPTY_BODY = YES;
				CLANG_WARN_ENUM_CONVERSION = YES;
				CLANG_WARN_INFINITE_RECURSION = YES;
				CLANG_WARN_INT_CONVERSION = YES;
				CLANG_WARN_NON_LITERAL_NULL_CONVERSION = YES;
				CLANG_WARN_OBJC_IMPLICIT_RETAIN_SELF = YES;
				CLANG_WARN_OBJC_LITERAL_CONVERSION = YES;
				CLANG_WARN_OBJC_ROOT_CLASS = YES_ERROR;
				CLANG_WARN_QUOTED_INCLUDE_IN_FRAMEWORK_HEADER = YES;
				CLANG_WARN_RANGE_LOOP_ANALYSIS = YES;
				CLANG_WARN_STRICT_PROTOTYPES = YES;
				CLANG_WARN_SUSPICIOUS_MOVE = YES;
				CLANG_WARN_UNGUARDED_AVAILABILITY = YES_AGGRESSIVE;
				CLANG_WARN_UNREACHABLE_CODE = YES;
				CLANG_WARN__DUPLICATE_METHOD_MATCH = YES;
				COPY_PHASE_STRIP = NO;
				DEBUG_INFORMATION_FORMAT = "dwarf-with-dsym";
				ENABLE_NS_ASSERTIONS = NO;
				ENABLE_STRICT_OBJC_MSGSEND = YES;
				GCC_C_LANGUAGE_STANDARD = gnu11;
				GCC_NO_COMMON_BLOCKS = YES;
				GCC_WARN_64_TO_32_BIT_CONVERSION = YES;
				GCC_WARN_ABOUT_RETURN_TYPE = YES_ERROR;
				GCC_WARN_UNDECLARED_SELECTOR = YES;
				GCC_WARN_UNINITIALIZED_AUTOS = YES_AGGRESSIVE;
				GCC_WARN_UNUSED_FUNCTION = YES;
				GCC_WARN_UNUSED_VARIABLE = YES;
				IPHONEOS_DEPLOYMENT_TARGET = 14.1;
				MTL_ENABLE_DEBUG_INFO = NO;
				MTL_FAST_MATH = YES;
				SDKROOT = iphoneos;
				SWIFT_COMPILATION_MODE = wholemodule;
				SWIFT_OPTIMIZATION_LEVEL = "-O";
				VALIDATE_PRODUCT = YES;
			};
			name = Release;
		};
		9A9E6A0C257465D600D2C781 /* Debug */ = {
			isa = XCBuildConfiguration;
			baseConfigurationReference = F52ABF65CB5A05383C587F8C /* Pods-sports media app.debug.xcconfig */;
			buildSettings = {
				ASSETCATALOG_COMPILER_GLOBAL_ACCENT_COLOR_NAME = AccentColor;
				CODE_SIGN_STYLE = Automatic;
				DEVELOPMENT_TEAM = G3UAU7F5FR;
				INFOPLIST_FILE = "sports media app/Info.plist";
				LD_RUNPATH_SEARCH_PATHS = (
					"$(inherited)",
					"@executable_path/Frameworks",
				);
				PRODUCT_BUNDLE_IDENTIFIER = "Trent.sports-media-app";
				PRODUCT_NAME = "$(TARGET_NAME)";
				SWIFT_VERSION = 5.0;
				TARGETED_DEVICE_FAMILY = "1,2";
			};
			name = Debug;
		};
		9A9E6A0D257465D600D2C781 /* Release */ = {
			isa = XCBuildConfiguration;
			baseConfigurationReference = 8EF99714F321BE7AC3C40021 /* Pods-sports media app.release.xcconfig */;
			buildSettings = {
				ASSETCATALOG_COMPILER_GLOBAL_ACCENT_COLOR_NAME = AccentColor;
				CODE_SIGN_STYLE = Automatic;
				DEVELOPMENT_TEAM = G3UAU7F5FR;
				INFOPLIST_FILE = "sports media app/Info.plist";
				LD_RUNPATH_SEARCH_PATHS = (
					"$(inherited)",
					"@executable_path/Frameworks",
				);
				PRODUCT_BUNDLE_IDENTIFIER = "Trent.sports-media-app";
				PRODUCT_NAME = "$(TARGET_NAME)";
				SWIFT_VERSION = 5.0;
				TARGETED_DEVICE_FAMILY = "1,2";
			};
			name = Release;
		};
		9A9E6A0F257465D600D2C781 /* Debug */ = {
			isa = XCBuildConfiguration;
			baseConfigurationReference = 717B9D60BA8CC9FCB0815C63 /* Pods-sports media appTests.debug.xcconfig */;
			buildSettings = {
				ALWAYS_EMBED_SWIFT_STANDARD_LIBRARIES = YES;
				BUNDLE_LOADER = "$(TEST_HOST)";
				CODE_SIGN_STYLE = Automatic;
				INFOPLIST_FILE = "sports media appTests/Info.plist";
				IPHONEOS_DEPLOYMENT_TARGET = 14.1;
				LD_RUNPATH_SEARCH_PATHS = (
					"$(inherited)",
					"@executable_path/Frameworks",
					"@loader_path/Frameworks",
				);
				PRODUCT_BUNDLE_IDENTIFIER = "Trent.sports-media-appTests";
				PRODUCT_NAME = "$(TARGET_NAME)";
				SWIFT_VERSION = 5.0;
				TARGETED_DEVICE_FAMILY = "1,2";
				TEST_HOST = "$(BUILT_PRODUCTS_DIR)/sports media app.app/sports media app";
			};
			name = Debug;
		};
		9A9E6A10257465D600D2C781 /* Release */ = {
			isa = XCBuildConfiguration;
			baseConfigurationReference = D18E5C2BBB248C2CDC8DFFD8 /* Pods-sports media appTests.release.xcconfig */;
			buildSettings = {
				ALWAYS_EMBED_SWIFT_STANDARD_LIBRARIES = YES;
				BUNDLE_LOADER = "$(TEST_HOST)";
				CODE_SIGN_STYLE = Automatic;
				INFOPLIST_FILE = "sports media appTests/Info.plist";
				IPHONEOS_DEPLOYMENT_TARGET = 14.1;
				LD_RUNPATH_SEARCH_PATHS = (
					"$(inherited)",
					"@executable_path/Frameworks",
					"@loader_path/Frameworks",
				);
				PRODUCT_BUNDLE_IDENTIFIER = "Trent.sports-media-appTests";
				PRODUCT_NAME = "$(TARGET_NAME)";
				SWIFT_VERSION = 5.0;
				TARGETED_DEVICE_FAMILY = "1,2";
				TEST_HOST = "$(BUILT_PRODUCTS_DIR)/sports media app.app/sports media app";
			};
			name = Release;
		};
		9A9E6A12257465D600D2C781 /* Debug */ = {
			isa = XCBuildConfiguration;
			baseConfigurationReference = DB20810D34EF0D4A41D30402 /* Pods-sports media app-sports media appUITests.debug.xcconfig */;
			buildSettings = {
				ALWAYS_EMBED_SWIFT_STANDARD_LIBRARIES = YES;
				CODE_SIGN_STYLE = Automatic;
				INFOPLIST_FILE = "sports media appUITests/Info.plist";
				LD_RUNPATH_SEARCH_PATHS = (
					"$(inherited)",
					"@executable_path/Frameworks",
					"@loader_path/Frameworks",
				);
				PRODUCT_BUNDLE_IDENTIFIER = "Trent.sports-media-appUITests";
				PRODUCT_NAME = "$(TARGET_NAME)";
				SWIFT_VERSION = 5.0;
				TARGETED_DEVICE_FAMILY = "1,2";
				TEST_TARGET_NAME = "sports media app";
			};
			name = Debug;
		};
		9A9E6A13257465D600D2C781 /* Release */ = {
			isa = XCBuildConfiguration;
			baseConfigurationReference = BBF8D152F9E9FCC64A23C29F /* Pods-sports media app-sports media appUITests.release.xcconfig */;
			buildSettings = {
				ALWAYS_EMBED_SWIFT_STANDARD_LIBRARIES = YES;
				CODE_SIGN_STYLE = Automatic;
				INFOPLIST_FILE = "sports media appUITests/Info.plist";
				LD_RUNPATH_SEARCH_PATHS = (
					"$(inherited)",
					"@executable_path/Frameworks",
					"@loader_path/Frameworks",
				);
				PRODUCT_BUNDLE_IDENTIFIER = "Trent.sports-media-appUITests";
				PRODUCT_NAME = "$(TARGET_NAME)";
				SWIFT_VERSION = 5.0;
				TARGETED_DEVICE_FAMILY = "1,2";
				TEST_TARGET_NAME = "sports media app";
			};
			name = Release;
		};
/* End XCBuildConfiguration section */

/* Begin XCConfigurationList section */
		9A9E69DC257465D500D2C781 /* Build configuration list for PBXProject "sports media app" */ = {
			isa = XCConfigurationList;
			buildConfigurations = (
				9A9E6A09257465D600D2C781 /* Debug */,
				9A9E6A0A257465D600D2C781 /* Release */,
			);
			defaultConfigurationIsVisible = 0;
			defaultConfigurationName = Release;
		};
		9A9E6A0B257465D600D2C781 /* Build configuration list for PBXNativeTarget "sports media app" */ = {
			isa = XCConfigurationList;
			buildConfigurations = (
				9A9E6A0C257465D600D2C781 /* Debug */,
				9A9E6A0D257465D600D2C781 /* Release */,
			);
			defaultConfigurationIsVisible = 0;
			defaultConfigurationName = Release;
		};
		9A9E6A0E257465D600D2C781 /* Build configuration list for PBXNativeTarget "sports media appTests" */ = {
			isa = XCConfigurationList;
			buildConfigurations = (
				9A9E6A0F257465D600D2C781 /* Debug */,
				9A9E6A10257465D600D2C781 /* Release */,
			);
			defaultConfigurationIsVisible = 0;
			defaultConfigurationName = Release;
		};
		9A9E6A11257465D600D2C781 /* Build configuration list for PBXNativeTarget "sports media appUITests" */ = {
			isa = XCConfigurationList;
			buildConfigurations = (
				9A9E6A12257465D600D2C781 /* Debug */,
				9A9E6A13257465D600D2C781 /* Release */,
			);
			defaultConfigurationIsVisible = 0;
			defaultConfigurationName = Release;
		};
/* End XCConfigurationList section */
	};
	rootObject = 9A9E69D9257465D500D2C781 /* Project object */;
}
